
Microsoft Visual Studio Solution File, Format Version 12.00
# Visual Studio Version 17
VisualStudioVersion = 17.0.32112.339
MinimumVisualStudioVersion = 10.0.40219.1
Project("{2150E333-8FDC-42A3-9474-1A3956D46DE8}") = "Lab1", "Lab1", "{DED06AF5-36E7-4CD6-A9B6-F5F280189FFF}"
EndProject
Project("{2150E333-8FDC-42A3-9474-1A3956D46DE8}") = "lab 2", "lab 2", "{E37F1E21-89E6-4E98-B7F4-778A3CA6A033}"
EndProject
Project("{9A19103F-16F7-4668-BE54-9A1E7A4F7556}") = "CarView", "lab 1\CarView\CarView.csproj", "{5D390579-87CD-4EA3-9D8B-130D5D7EECA2}"
EndProject
Project("{9A19103F-16F7-4668-BE54-9A1E7A4F7556}") = "CarModel", "lab 1\CarModel\CarModel.csproj", "{166FE9D6-1DA9-4DDA-9A27-6A42233A2CC4}"
EndProject
Project("{9A19103F-16F7-4668-BE54-9A1E7A4F7556}") = "OperatorView", "lab 2\OperatorView\OperatorView.csproj", "{B2C818BC-4A12-47CE-B233-6A42E7637E1F}"
EndProject
Project("{9A19103F-16F7-4668-BE54-9A1E7A4F7556}") = "OperatorModel", "lab 2\OperatorModel\OperatorModel.csproj", "{6815472D-2C50-48A4-B9A0-1A678BFDC5A5}"
EndProject
Project("{2150E333-8FDC-42A3-9474-1A3956D46DE8}") = "Models", "Models", "{6A6C0ECA-288F-4780-A12C-BAA32D042850}"
EndProject
Project("{2150E333-8FDC-42A3-9474-1A3956D46DE8}") = "Views", "Views", "{E484B7AB-25B0-4951-B24B-71ADDD48D3C2}"
EndProject
Project("{2150E333-8FDC-42A3-9474-1A3956D46DE8}") = "Models", "Models", "{98F7327E-250A-47C5-974F-462A7383C563}"
EndProject
Project("{2150E333-8FDC-42A3-9474-1A3956D46DE8}") = "Views", "Views", "{E5F675B2-0F08-4B99-9DF8-AB449A50B5C7}"
EndProject
Project("{2150E333-8FDC-42A3-9474-1A3956D46DE8}") = "Lab 3", "Lab 3", "{63089C9E-E2B0-4230-9F5C-4013FBA99E46}"
EndProject
Project("{2150E333-8FDC-42A3-9474-1A3956D46DE8}") = "Models", "Models", "{F66C2307-0179-4D4A-B244-4684E838CB4A}"
EndProject
Project("{2150E333-8FDC-42A3-9474-1A3956D46DE8}") = "Views", "Views", "{611BDFF2-9B5B-4BB6-AC08-83927AD72E62}"
EndProject
Project("{9A19103F-16F7-4668-BE54-9A1E7A4F7556}") = "StudentForm", "lab 3\StudentForm\StudentForm.csproj", "{0FD1E7D4-F993-4A87-A690-10DB75798ECA}"
EndProject
Project("{9A19103F-16F7-4668-BE54-9A1E7A4F7556}") = "StudentModel", "lab 3\StudentModel\StudentModel.csproj", "{C6180688-5B87-4646-ABD6-CD05695ADF09}"
EndProject
Global
	GlobalSection(SolutionConfigurationPlatforms) = preSolution
		Debug|Any CPU = Debug|Any CPU
		Release|Any CPU = Release|Any CPU
	EndGlobalSection
	GlobalSection(ProjectConfigurationPlatforms) = postSolution
		{5D390579-87CD-4EA3-9D8B-130D5D7EECA2}.Debug|Any CPU.ActiveCfg = Debug|Any CPU
		{5D390579-87CD-4EA3-9D8B-130D5D7EECA2}.Debug|Any CPU.Build.0 = Debug|Any CPU
		{5D390579-87CD-4EA3-9D8B-130D5D7EECA2}.Release|Any CPU.ActiveCfg = Release|Any CPU
		{5D390579-87CD-4EA3-9D8B-130D5D7EECA2}.Release|Any CPU.Build.0 = Release|Any CPU
		{166FE9D6-1DA9-4DDA-9A27-6A42233A2CC4}.Debug|Any CPU.ActiveCfg = Debug|Any CPU
		{166FE9D6-1DA9-4DDA-9A27-6A42233A2CC4}.Debug|Any CPU.Build.0 = Debug|Any CPU
		{166FE9D6-1DA9-4DDA-9A27-6A42233A2CC4}.Release|Any CPU.ActiveCfg = Release|Any CPU
		{166FE9D6-1DA9-4DDA-9A27-6A42233A2CC4}.Release|Any CPU.Build.0 = Release|Any CPU
		{B2C818BC-4A12-47CE-B233-6A42E7637E1F}.Debug|Any CPU.ActiveCfg = Debug|Any CPU
		{B2C818BC-4A12-47CE-B233-6A42E7637E1F}.Debug|Any CPU.Build.0 = Debug|Any CPU
		{B2C818BC-4A12-47CE-B233-6A42E7637E1F}.Release|Any CPU.ActiveCfg = Release|Any CPU
		{B2C818BC-4A12-47CE-B233-6A42E7637E1F}.Release|Any CPU.Build.0 = Release|Any CPU
		{6815472D-2C50-48A4-B9A0-1A678BFDC5A5}.Debug|Any CPU.ActiveCfg = Debug|Any CPU
		{6815472D-2C50-48A4-B9A0-1A678BFDC5A5}.Debug|Any CPU.Build.0 = Debug|Any CPU
		{6815472D-2C50-48A4-B9A0-1A678BFDC5A5}.Release|Any CPU.ActiveCfg = Release|Any CPU
		{6815472D-2C50-48A4-B9A0-1A678BFDC5A5}.Release|Any CPU.Build.0 = Release|Any CPU
		{0FD1E7D4-F993-4A87-A690-10DB75798ECA}.Debug|Any CPU.ActiveCfg = Debug|Any CPU
		{0FD1E7D4-F993-4A87-A690-10DB75798ECA}.Debug|Any CPU.Build.0 = Debug|Any CPU
		{0FD1E7D4-F993-4A87-A690-10DB75798ECA}.Release|Any CPU.ActiveCfg = Release|Any CPU
		{0FD1E7D4-F993-4A87-A690-10DB75798ECA}.Release|Any CPU.Build.0 = Release|Any CPU
		{C6180688-5B87-4646-ABD6-CD05695ADF09}.Debug|Any CPU.ActiveCfg = Debug|Any CPU
		{C6180688-5B87-4646-ABD6-CD05695ADF09}.Debug|Any CPU.Build.0 = Debug|Any CPU
		{C6180688-5B87-4646-ABD6-CD05695ADF09}.Release|Any CPU.ActiveCfg = Release|Any CPU
		{C6180688-5B87-4646-ABD6-CD05695ADF09}.Release|Any CPU.Build.0 = Release|Any CPU
	EndGlobalSection
	GlobalSection(SolutionProperties) = preSolution
		HideSolutionNode = FALSE
	EndGlobalSection
	GlobalSection(NestedProjects) = preSolution
		{5D390579-87CD-4EA3-9D8B-130D5D7EECA2} = {E484B7AB-25B0-4951-B24B-71ADDD48D3C2}
		{166FE9D6-1DA9-4DDA-9A27-6A42233A2CC4} = {6A6C0ECA-288F-4780-A12C-BAA32D042850}
		{B2C818BC-4A12-47CE-B233-6A42E7637E1F} = {E5F675B2-0F08-4B99-9DF8-AB449A50B5C7}
		{6815472D-2C50-48A4-B9A0-1A678BFDC5A5} = {98F7327E-250A-47C5-974F-462A7383C563}
		{6A6C0ECA-288F-4780-A12C-BAA32D042850} = {DED06AF5-36E7-4CD6-A9B6-F5F280189FFF}
		{E484B7AB-25B0-4951-B24B-71ADDD48D3C2} = {DED06AF5-36E7-4CD6-A9B6-F5F280189FFF}
		{98F7327E-250A-47C5-974F-462A7383C563} = {E37F1E21-89E6-4E98-B7F4-778A3CA6A033}
		{E5F675B2-0F08-4B99-9DF8-AB449A50B5C7} = {E37F1E21-89E6-4E98-B7F4-778A3CA6A033}
		{F66C2307-0179-4D4A-B244-4684E838CB4A} = {63089C9E-E2B0-4230-9F5C-4013FBA99E46}
		{611BDFF2-9B5B-4BB6-AC08-83927AD72E62} = {63089C9E-E2B0-4230-9F5C-4013FBA99E46}
		{0FD1E7D4-F993-4A87-A690-10DB75798ECA} = {611BDFF2-9B5B-4BB6-AC08-83927AD72E62}
		{C6180688-5B87-4646-ABD6-CD05695ADF09} = {F66C2307-0179-4D4A-B244-4684E838CB4A}
	EndGlobalSection
	GlobalSection(ExtensibilityGlobals) = postSolution
		SolutionGuid = {E017EBAE-00D6-4565-982A-E0BB5C1C1327}
	EndGlobalSection
EndGlobal
